
Microsoft Visual Studio Solution File, Format Version 12.00
# Visual Studio Version 16
VisualStudioVersion = 16.0.31424.327
MinimumVisualStudioVersion = 10.0.40219.1
Project("{FAE04EC0-301F-11D3-BF4B-00C04F79EFBC}") = "MyLeasings", "MyLeasings\MyLeasings.csproj", "{18E7A989-2E99-4BBF-9335-D73159B70125}"
EndProject
Global
	GlobalSection(SolutionConfigurationPlatforms) = preSolution
		Debug|Any CPU = Debug|Any CPU
		Release|Any CPU = Release|Any CPU
	EndGlobalSection
	GlobalSection(ProjectConfigurationPlatforms) = postSolution
		{18E7A989-2E99-4BBF-9335-D73159B70125}.Debug|Any CPU.ActiveCfg = Debug|Any CPU
		{18E7A989-2E99-4BBF-9335-D73159B70125}.Debug|Any CPU.Build.0 = Debug|Any CPU
		{18E7A989-2E99-4BBF-9335-D73159B70125}.Release|Any CPU.ActiveCfg = Release|Any CPU
		{18E7A989-2E99-4BBF-9335-D73159B70125}.Release|Any CPU.Build.0 = Release|Any CPU
	EndGlobalSection
	GlobalSection(SolutionProperties) = preSolution
		HideSolutionNode = FALSE
	EndGlobalSection
	GlobalSection(ExtensibilityGlobals) = postSolution
		SolutionGuid = {E4689DF4-5B17-4084-B7B3-9B78FE4C073A}
	EndGlobalSection
EndGlobal
